
Microsoft Visual Studio Solution File, Format Version 12.00
# Visual Studio Version 16
VisualStudioVersion = 16.0.31005.135
MinimumVisualStudioVersion = 10.0.40219.1
Project("{FAE04EC0-301F-11D3-BF4B-00C04F79EFBC}") = "TRMDataManager", "TRMRetailManager\TRMDataManager.csproj", "{FDB74067-AD49-4FDD-B7C5-423CD166DB7D}"
EndProject
Global
	GlobalSection(SolutionConfigurationPlatforms) = preSolution
		Debug|Any CPU = Debug|Any CPU
		Release|Any CPU = Release|Any CPU
	EndGlobalSection
	GlobalSection(ProjectConfigurationPlatforms) = postSolution
		{FDB74067-AD49-4FDD-B7C5-423CD166DB7D}.Debug|Any CPU.ActiveCfg = Debug|Any CPU
		{FDB74067-AD49-4FDD-B7C5-423CD166DB7D}.Debug|Any CPU.Build.0 = Debug|Any CPU
		{FDB74067-AD49-4FDD-B7C5-423CD166DB7D}.Release|Any CPU.ActiveCfg = Release|Any CPU
		{FDB74067-AD49-4FDD-B7C5-423CD166DB7D}.Release|Any CPU.Build.0 = Release|Any CPU
	EndGlobalSection
	GlobalSection(SolutionProperties) = preSolution
		HideSolutionNode = FALSE
	EndGlobalSection
	GlobalSection(ExtensibilityGlobals) = postSolution
		SolutionGuid = {1219E2B3-622C-4175-B14D-5058F244B667}
	EndGlobalSection
EndGlobal
